
Microsoft Visual Studio Solution File, Format Version 12.00
# Visual Studio Version 17
VisualStudioVersion = 17.8.34322.80
MinimumVisualStudioVersion = 10.0.40219.1
Project("{FAE04EC0-301F-11D3-BF4B-00C04F79EFBC}") = "MVC", "MVC\MVC.csproj", "{798402C0-9E65-47D6-87BB-881D5D502714}"
EndProject
Project("{FAE04EC0-301F-11D3-BF4B-00C04F79EFBC}") = "Business", "Business\Business.csproj", "{71BE345D-3F25-45AD-9F0E-C8E09B6AA416}"
EndProject
Project("{FAE04EC0-301F-11D3-BF4B-00C04F79EFBC}") = "DataAccess", "DataAccess\DataAccess.csproj", "{C6256FEE-A82E-486E-90B0-268D87245A88}"
EndProject
Global
	GlobalSection(SolutionConfigurationPlatforms) = preSolution
		Debug|Any CPU = Debug|Any CPU
		Release|Any CPU = Release|Any CPU
	EndGlobalSection
	GlobalSection(ProjectConfigurationPlatforms) = postSolution
		{798402C0-9E65-47D6-87BB-881D5D502714}.Debug|Any CPU.ActiveCfg = Debug|Any CPU
		{798402C0-9E65-47D6-87BB-881D5D502714}.Debug|Any CPU.Build.0 = Debug|Any CPU
		{798402C0-9E65-47D6-87BB-881D5D502714}.Release|Any CPU.ActiveCfg = Release|Any CPU
		{798402C0-9E65-47D6-87BB-881D5D502714}.Release|Any CPU.Build.0 = Release|Any CPU
		{71BE345D-3F25-45AD-9F0E-C8E09B6AA416}.Debug|Any CPU.ActiveCfg = Debug|Any CPU
		{71BE345D-3F25-45AD-9F0E-C8E09B6AA416}.Debug|Any CPU.Build.0 = Debug|Any CPU
		{71BE345D-3F25-45AD-9F0E-C8E09B6AA416}.Release|Any CPU.ActiveCfg = Release|Any CPU
		{71BE345D-3F25-45AD-9F0E-C8E09B6AA416}.Release|Any CPU.Build.0 = Release|Any CPU
		{C6256FEE-A82E-486E-90B0-268D87245A88}.Debug|Any CPU.ActiveCfg = Debug|Any CPU
		{C6256FEE-A82E-486E-90B0-268D87245A88}.Debug|Any CPU.Build.0 = Debug|Any CPU
		{C6256FEE-A82E-486E-90B0-268D87245A88}.Release|Any CPU.ActiveCfg = Release|Any CPU
		{C6256FEE-A82E-486E-90B0-268D87245A88}.Release|Any CPU.Build.0 = Release|Any CPU
	EndGlobalSection
	GlobalSection(SolutionProperties) = preSolution
		HideSolutionNode = FALSE
	EndGlobalSection
	GlobalSection(ExtensibilityGlobals) = postSolution
		SolutionGuid = {A90F70F7-7490-4B0F-899F-4C74714C23AB}
	EndGlobalSection
EndGlobal
